PODS:
  - Capacitor (2.1.0):
    - CapacitorCordova (= 2.1.0)
  - CapacitorCordova (2.1.0)
  - FBAudienceNetwork (5.9.0):
    - FBSDKCoreKit/Basics (>= 5.6.0)
  - FBSDKCoreKit/Basics (6.2.0)

DEPENDENCIES:
  - "Capacitor (from `../node_modules/@capacitor/ios`)"
  - "CapacitorCordova (from `../node_modules/@capacitor/ios`)"
  - FBAudienceNetwork

SPEC REPOS:
  trunk:
    - FBAudienceNetwork
    - FBSDKCoreKit

EXTERNAL SOURCES:
  Capacitor:
    :path: "../node_modules/@capacitor/ios"
  CapacitorCordova:
    :path: "../node_modules/@capacitor/ios"

SPEC CHECKSUMS:
  Capacitor: 2566c6028c2f9f222631354ff160bdcbb29a37ca
  CapacitorCordova: ec9566f41e4c5de373f372a5908e586f98581dd9
  FBAudienceNetwork: 648648b13d8ea3d39676542dece2b04dbe867497
  FBSDKCoreKit: a7bb9f5ac56c1e11d5f8ae0b90a3610f8744b43a

PODFILE CHECKSUM: 9fd7ef76419acc2b1305075ac9000db093ebe11e

COCOAPODS: 1.8.4
